
Microsoft Visual Studio Solution File, Format Version 12.00
# Visual Studio Version 17
VisualStudioVersion = 17.7.34221.43
MinimumVisualStudioVersion = 10.0.40219.1
Project("{FAE04EC0-301F-11D3-BF4B-00C04F79EFBC}") = "Midterm", "Midterm.csproj", "{60B0F97A-AA70-49CF-8071-8002B178D839}"
EndProject
Global
	GlobalSection(SolutionConfigurationPlatforms) = preSolution
		Debug|Any CPU = Debug|Any CPU
		Release|Any CPU = Release|Any CPU
	EndGlobalSection
	GlobalSection(ProjectConfigurationPlatforms) = postSolution
		{60B0F97A-AA70-49CF-8071-8002B178D839}.Debug|Any CPU.ActiveCfg = Debug|Any CPU
		{60B0F97A-AA70-49CF-8071-8002B178D839}.Debug|Any CPU.Build.0 = Debug|Any CPU
		{60B0F97A-AA70-49CF-8071-8002B178D839}.Release|Any CPU.ActiveCfg = Release|Any CPU
		{60B0F97A-AA70-49CF-8071-8002B178D839}.Release|Any CPU.Build.0 = Release|Any CPU
	EndGlobalSection
	GlobalSection(SolutionProperties) = preSolution
		HideSolutionNode = FALSE
	EndGlobalSection
	GlobalSection(ExtensibilityGlobals) = postSolution
		SolutionGuid = {DCEC49B3-4DEC-46D9-9D14-FA3CE1B81002}
	EndGlobalSection
EndGlobal
